
Microsoft Visual Studio Solution File, Format Version 12.00
# Visual Studio Version 16
VisualStudioVersion = 16.0.30204.135
MinimumVisualStudioVersion = 10.0.40219.1
Project("{FAE04EC0-301F-11D3-BF4B-00C04F79EFBC}") = "CNN_ImageSize_Calculator_Win", "CNN_ImageSize_Calculator_Win\CNN_ImageSize_Calculator_Win.csproj", "{40DB461F-B246-47ED-B0AE-3EE445F8DB38}"
EndProject
Global
	GlobalSection(SolutionConfigurationPlatforms) = preSolution
		Debug|Any CPU = Debug|Any CPU
		Release|Any CPU = Release|Any CPU
	EndGlobalSection
	GlobalSection(ProjectConfigurationPlatforms) = postSolution
		{40DB461F-B246-47ED-B0AE-3EE445F8DB38}.Debug|Any CPU.ActiveCfg = Debug|Any CPU
		{40DB461F-B246-47ED-B0AE-3EE445F8DB38}.Debug|Any CPU.Build.0 = Debug|Any CPU
		{40DB461F-B246-47ED-B0AE-3EE445F8DB38}.Release|Any CPU.ActiveCfg = Release|Any CPU
		{40DB461F-B246-47ED-B0AE-3EE445F8DB38}.Release|Any CPU.Build.0 = Release|Any CPU
	EndGlobalSection
	GlobalSection(SolutionProperties) = preSolution
		HideSolutionNode = FALSE
	EndGlobalSection
	GlobalSection(ExtensibilityGlobals) = postSolution
		SolutionGuid = {C6560CC9-3692-4DAF-9BBB-62EB3B2621A9}
	EndGlobalSection
EndGlobal
